// !$*UTF8*$!
{
	archiveVersion = 1;
	classes = {
	};
	objectVersion = 51;
	objects = {

/* Begin PBXBuildFile section */
		39B537E26805B6353A9F661F /* Pods_StocksPrice_StocksPriceUITests.framework in Frameworks */ = {isa = PBXBuildFile; fileRef = 1E6A562D0BE94EF322563CB6 /* Pods_StocksPrice_StocksPriceUITests.framework */; };
		9B00736C2520414500FD7DF6 /* StocksPriceTableViewController.swift in Sources */ = {isa = PBXBuildFile; fileRef = 9B00736B2520414500FD7DF6 /* StocksPriceTableViewController.swift */; };
		9B00736F2520416700FD7DF6 /* StocksPriceTableViewCell.swift in Sources */ = {isa = PBXBuildFile; fileRef = 9B00736D2520416700FD7DF6 /* StocksPriceTableViewCell.swift */; };
		9B0073702520416700FD7DF6 /* StocksPriceTableViewCell.xib in Resources */ = {isa = PBXBuildFile; fileRef = 9B00736E2520416700FD7DF6 /* StocksPriceTableViewCell.xib */; };
		9B0073722520462A00FD7DF6 /* StocksStyle.swift in Sources */ = {isa = PBXBuildFile; fileRef = 9B0073712520462A00FD7DF6 /* StocksStyle.swift */; };
		9B007377254456800089AB71 /* StockPriceBaseTests.swift in Sources */ = {isa = PBXBuildFile; fileRef = 9B007376254456800089AB71 /* StockPriceBaseTests.swift */; };
		9B007379254458D70089AB71 /* get-quotes-error.json in Resources */ = {isa = PBXBuildFile; fileRef = 9B007378254458D70089AB71 /* get-quotes-error.json */; };
		9B2BB173252323430022B3C5 /* SPBaseViewModel.swift in Sources */ = {isa = PBXBuildFile; fileRef = 9B2BB172252323430022B3C5 /* SPBaseViewModel.swift */; };
		9B2BB175252323510022B3C5 /* SPViewModel.swift in Sources */ = {isa = PBXBuildFile; fileRef = 9B2BB174252323510022B3C5 /* SPViewModel.swift */; };
		9B2BB177252338C30022B3C5 /* FormatSelectorTableHeaderView.swift in Sources */ = {isa = PBXBuildFile; fileRef = 9B2BB176252338C30022B3C5 /* FormatSelectorTableHeaderView.swift */; };
		9B2BB179252361FC0022B3C5 /* get-quotes.json in Resources */ = {isa = PBXBuildFile; fileRef = 9B2BB178252361FC0022B3C5 /* get-quotes.json */; };
		9B2BB17B252365450022B3C5 /* StockQuoteModel.swift in Sources */ = {isa = PBXBuildFile; fileRef = 9B2BB17A252365450022B3C5 /* StockQuoteModel.swift */; };
		9B2BB17D25236AA80022B3C5 /* SPAPIServices.swift in Sources */ = {isa = PBXBuildFile; fileRef = 9B2BB17C25236AA80022B3C5 /* SPAPIServices.swift */; };
		9B2BB17F25236F700022B3C5 /* SPError.swift in Sources */ = {isa = PBXBuildFile; fileRef = 9B2BB17E25236F700022B3C5 /* SPError.swift */; };
		9B2BB181252373690022B3C5 /* StocksDataManager.swift in Sources */ = {isa = PBXBuildFile; fileRef = 9B2BB180252373690022B3C5 /* StocksDataManager.swift */; };
		9B3FB5062524790B00EBE033 /* SPExtensions.swift in Sources */ = {isa = PBXBuildFile; fileRef = 9B3FB5052524790B00EBE033 /* SPExtensions.swift */; };
		9B3FB5082524B58D00EBE033 /* PaddingLabel.swift in Sources */ = {isa = PBXBuildFile; fileRef = 9B3FB5072524B58D00EBE033 /* PaddingLabel.swift */; };
		9B3FB50A2524F69600EBE033 /* BaseUITestCase.swift in Sources */ = {isa = PBXBuildFile; fileRef = 9B3FB5092524F69600EBE033 /* BaseUITestCase.swift */; };
		9B7978D9252038E8000DF075 /* AppDelegate.swift in Sources */ = {isa = PBXBuildFile; fileRef = 9B7978D8252038E8000DF075 /* AppDelegate.swift */; };
		9B7978DB252038E8000DF075 /* SceneDelegate.swift in Sources */ = {isa = PBXBuildFile; fileRef = 9B7978DA252038E8000DF075 /* SceneDelegate.swift */; };
		9B7978E0252038E8000DF075 /* Main.storyboard in Resources */ = {isa = PBXBuildFile; fileRef = 9B7978DE252038E8000DF075 /* Main.storyboard */; };
		9B7978E2252038EA000DF075 /* Assets.xcassets in Resources */ = {isa = PBXBuildFile; fileRef = 9B7978E1252038EA000DF075 /* Assets.xcassets */; };
		9B7978E5252038EA000DF075 /* LaunchScreen.storyboard in Resources */ = {isa = PBXBuildFile; fileRef = 9B7978E3252038EA000DF075 /* LaunchScreen.storyboard */; };
		9B7978F0252038EA000DF075 /* StocksPriceTests.swift in Sources */ = {isa = PBXBuildFile; fileRef = 9B7978EF252038EA000DF075 /* StocksPriceTests.swift */; };
		9B7978FB252038EA000DF075 /* StocksPriceUITests.swift in Sources */ = {isa = PBXBuildFile; fileRef = 9B7978FA252038EA000DF075 /* StocksPriceUITests.swift */; };
		9B7DD7542523878900D0880E /* EnvironmentHandler.swift in Sources */ = {isa = PBXBuildFile; fileRef = 9B7DD7532523878900D0880E /* EnvironmentHandler.swift */; };
		AEEDB402023B714BDFF1FD59 /* Pods_StocksPrice.framework in Frameworks */ = {isa = PBXBuildFile; fileRef = 6CC44D495E6D88757D84E1DA /* Pods_StocksPrice.framework */; };
		E34E3A6E95F329E566F3CD1A /* Pods_StocksPriceTests.framework in Frameworks */ = {isa = PBXBuildFile; fileRef = F2C2A642CE4C768CA6F82AC4 /* Pods_StocksPriceTests.framework */; };
/* End PBXBuildFile section */

/* Begin PBXContainerItemProxy section */
		9B7978EC252038EA000DF075 /* PBXContainerItemProxy */ = {
			isa = PBXContainerItemProxy;
			containerPortal = 9B7978CD252038E8000DF075 /* Project object */;
			proxyType = 1;
			remoteGlobalIDString = 9B7978D4252038E8000DF075;
			remoteInfo = StocksPrice;
		};
		9B7978F7252038EA000DF075 /* PBXContainerItemProxy */ = {
			isa = PBXContainerItemProxy;
			containerPortal = 9B7978CD252038E8000DF075 /* Project object */;
			proxyType = 1;
			remoteGlobalIDString = 9B7978D4252038E8000DF075;
			remoteInfo = StocksPrice;
		};
/* End PBXContainerItemProxy section */

/* Begin PBXFileReference section */
		0A9F898B5AFF42D3B89BA146 /* Pods-StocksPriceTests.debug.xcconfig */ = {isa = PBXFileReference; includeInIndex = 1; lastKnownFileType = text.xcconfig; name = "Pods-StocksPriceTests.debug.xcconfig"; path = "Target Support Files/Pods-StocksPriceTests/Pods-StocksPriceTests.debug.xcconfig"; sourceTree = "<group>"; };
		1E6A562D0BE94EF322563CB6 /* Pods_StocksPrice_StocksPriceUITests.framework */ = {isa = PBXFileReference; explicitFileType = wrapper.framework; includeInIndex = 0; path = Pods_StocksPrice_StocksPriceUITests.framework; sourceTree = BUILT_PRODUCTS_DIR; };
		215D622879FA3A1359C6C973 /* Pods-StocksPrice.debug.xcconfig */ = {isa = PBXFileReference; includeInIndex = 1; lastKnownFileType = text.xcconfig; name = "Pods-StocksPrice.debug.xcconfig"; path = "Target Support Files/Pods-StocksPrice/Pods-StocksPrice.debug.xcconfig"; sourceTree = "<group>"; };
		33A327B7424FC717A46C2BBE /* Pods-StocksPrice-StocksPriceUITests.debug.xcconfig */ = {isa = PBXFileReference; includeInIndex = 1; lastKnownFileType = text.xcconfig; name = "Pods-StocksPrice-StocksPriceUITests.debug.xcconfig"; path = "Target Support Files/Pods-StocksPrice-StocksPriceUITests/Pods-StocksPrice-StocksPriceUITests.debug.xcconfig"; sourceTree = "<group>"; };
		48E51CE5034F1E6E6F94C922 /* Pods-StocksPrice-StocksPriceUITests.release.xcconfig */ = {isa = PBXFileReference; includeInIndex = 1; lastKnownFileType = text.xcconfig; name = "Pods-StocksPrice-StocksPriceUITests.release.xcconfig"; path = "Target Support Files/Pods-StocksPrice-StocksPriceUITests/Pods-StocksPrice-StocksPriceUITests.release.xcconfig"; sourceTree = "<group>"; };
		6CC44D495E6D88757D84E1DA /* Pods_StocksPrice.framework */ = {isa = PBXFileReference; explicitFileType = wrapper.framework; includeInIndex = 0; path = Pods_StocksPrice.framework; sourceTree = BUILT_PRODUCTS_DIR; };
		722C31D68A0F35E9DCBD0C57 /* Pods-StocksPriceTests.release.xcconfig */ = {isa = PBXFileReference; includeInIndex = 1; lastKnownFileType = text.xcconfig; name = "Pods-StocksPriceTests.release.xcconfig"; path = "Target Support Files/Pods-StocksPriceTests/Pods-StocksPriceTests.release.xcconfig"; sourceTree = "<group>"; };
		8AD94F6B9860F0077657B711 /* Pods-StocksPrice.release.xcconfig */ = {isa = PBXFileReference; includeInIndex = 1; lastKnownFileType = text.xcconfig; name = "Pods-StocksPrice.release.xcconfig"; path = "Target Support Files/Pods-StocksPrice/Pods-StocksPrice.release.xcconfig"; sourceTree = "<group>"; };
		9B00736B2520414500FD7DF6 /* StocksPriceTableViewController.swift */ = {isa = PBXFileReference; fileEncoding = 4; lastKnownFileType = sourcecode.swift; path = StocksPriceTableViewController.swift; sourceTree = "<group>"; };
		9B00736D2520416700FD7DF6 /* StocksPriceTableViewCell.swift */ = {isa = PBXFileReference; lastKnownFileType = sourcecode.swift; path = StocksPriceTableViewCell.swift; sourceTree = "<group>"; };
		9B00736E2520416700FD7DF6 /* StocksPriceTableViewCell.xib */ = {isa = PBXFileReference; lastKnownFileType = file.xib; path = StocksPriceTableViewCell.xib; sourceTree = "<group>"; };
		9B0073712520462A00FD7DF6 /* StocksStyle.swift */ = {isa = PBXFileReference; lastKnownFileType = sourcecode.swift; path = StocksStyle.swift; sourceTree = "<group>"; };
		9B007376254456800089AB71 /* StockPriceBaseTests.swift */ = {isa = PBXFileReference; lastKnownFileType = sourcecode.swift; path = StockPriceBaseTests.swift; sourceTree = "<group>"; };
		9B007378254458D70089AB71 /* get-quotes-error.json */ = {isa = PBXFileReference; fileEncoding = 4; lastKnownFileType = text.json; path = "get-quotes-error.json"; sourceTree = "<group>"; };
		9B2BB172252323430022B3C5 /* SPBaseViewModel.swift */ = {isa = PBXFileReference; lastKnownFileType = sourcecode.swift; path = SPBaseViewModel.swift; sourceTree = "<group>"; };
		9B2BB174252323510022B3C5 /* SPViewModel.swift */ = {isa = PBXFileReference; lastKnownFileType = sourcecode.swift; path = SPViewModel.swift; sourceTree = "<group>"; };
		9B2BB176252338C30022B3C5 /* FormatSelectorTableHeaderView.swift */ = {isa = PBXFileReference; lastKnownFileType = sourcecode.swift; path = FormatSelectorTableHeaderView.swift; sourceTree = "<group>"; };
		9B2BB178252361FC0022B3C5 /* get-quotes.json */ = {isa = PBXFileReference; fileEncoding = 4; lastKnownFileType = text.json; path = "get-quotes.json"; sourceTree = "<group>"; };
		9B2BB17A252365450022B3C5 /* StockQuoteModel.swift */ = {isa = PBXFileReference; lastKnownFileType = sourcecode.swift; path = StockQuoteModel.swift; sourceTree = "<group>"; };
		9B2BB17C25236AA80022B3C5 /* SPAPIServices.swift */ = {isa = PBXFileReference; lastKnownFileType = sourcecode.swift; path = SPAPIServices.swift; sourceTree = "<group>"; };
		9B2BB17E25236F700022B3C5 /* SPError.swift */ = {isa = PBXFileReference; fileEncoding = 4; lastKnownFileType = sourcecode.swift; path = SPError.swift; sourceTree = "<group>"; };
		9B2BB180252373690022B3C5 /* StocksDataManager.swift */ = {isa = PBXFileReference; lastKnownFileType = sourcecode.swift; path = StocksDataManager.swift; sourceTree = "<group>"; };
		9B3FB5052524790B00EBE033 /* SPExtensions.swift */ = {isa = PBXFileReference; lastKnownFileType = sourcecode.swift; path = SPExtensions.swift; sourceTree = "<group>"; };
		9B3FB5072524B58D00EBE033 /* PaddingLabel.swift */ = {isa = PBXFileReference; lastKnownFileType = sourcecode.swift; path = PaddingLabel.swift; sourceTree = "<group>"; };
		9B3FB5092524F69600EBE033 /* BaseUITestCase.swift */ = {isa = PBXFileReference; lastKnownFileType = sourcecode.swift; path = BaseUITestCase.swift; sourceTree = "<group>"; };
		9B7978D5252038E8000DF075 /* StocksPrice.app */ = {isa = PBXFileReference; explicitFileType = wrapper.application; includeInIndex = 0; path = StocksPrice.app; sourceTree = BUILT_PRODUCTS_DIR; };
		9B7978D8252038E8000DF075 /* AppDelegate.swift */ = {isa = PBXFileReference; lastKnownFileType = sourcecode.swift; path = AppDelegate.swift; sourceTree = "<group>"; };
		9B7978DA252038E8000DF075 /* SceneDelegate.swift */ = {isa = PBXFileReference; lastKnownFileType = sourcecode.swift; path = SceneDelegate.swift; sourceTree = "<group>"; };
		9B7978DF252038E8000DF075 /* Base */ = {isa = PBXFileReference; lastKnownFileType = file.storyboard; name = Base; path = Base.lproj/Main.storyboard; sourceTree = "<group>"; };
		9B7978E1252038EA000DF075 /* Assets.xcassets */ = {isa = PBXFileReference; lastKnownFileType = folder.assetcatalog; path = Assets.xcassets; sourceTree = "<group>"; };
		9B7978E4252038EA000DF075 /* Base */ = {isa = PBXFileReference; lastKnownFileType = file.storyboard; name = Base; path = Base.lproj/LaunchScreen.storyboard; sourceTree = "<group>"; };
		9B7978E6252038EA000DF075 /* Info.plist */ = {isa = PBXFileReference; lastKnownFileType = text.plist.xml; path = Info.plist; sourceTree = "<group>"; };
		9B7978EB252038EA000DF075 /* StocksPriceTests.xctest */ = {isa = PBXFileReference; explicitFileType = wrapper.cfbundle; includeInIndex = 0; path = StocksPriceTests.xctest; sourceTree = BUILT_PRODUCTS_DIR; };
		9B7978EF252038EA000DF075 /* StocksPriceTests.swift */ = {isa = PBXFileReference; lastKnownFileType = sourcecode.swift; path = StocksPriceTests.swift; sourceTree = "<group>"; };
		9B7978F1252038EA000DF075 /* Info.plist */ = {isa = PBXFileReference; lastKnownFileType = text.plist.xml; path = Info.plist; sourceTree = "<group>"; };
		9B7978F6252038EA000DF075 /* StocksPriceUITests.xctest */ = {isa = PBXFileReference; explicitFileType = wrapper.cfbundle; includeInIndex = 0; path = StocksPriceUITests.xctest; sourceTree = BUILT_PRODUCTS_DIR; };
		9B7978FA252038EA000DF075 /* StocksPriceUITests.swift */ = {isa = PBXFileReference; lastKnownFileType = sourcecode.swift; path = StocksPriceUITests.swift; sourceTree = "<group>"; };
		9B7978FC252038EA000DF075 /* Info.plist */ = {isa = PBXFileReference; lastKnownFileType = text.plist.xml; path = Info.plist; sourceTree = "<group>"; };
		9B7DD7532523878900D0880E /* EnvironmentHandler.swift */ = {isa = PBXFileReference; lastKnownFileType = sourcecode.swift; path = EnvironmentHandler.swift; sourceTree = "<group>"; };
		F2C2A642CE4C768CA6F82AC4 /* Pods_StocksPriceTests.framework */ = {isa = PBXFileReference; explicitFileType = wrapper.framework; includeInIndex = 0; path = Pods_StocksPriceTests.framework; sourceTree = BUILT_PRODUCTS_DIR; };
/* End PBXFileReference section */

/* Begin PBXFrameworksBuildPhase section */
		9B7978D2252038E8000DF075 /* Frameworks */ = {
			isa = PBXFrameworksBuildPhase;
			buildActionMask = 2147483647;
			files = (
				AEEDB402023B714BDFF1FD59 /* Pods_StocksPrice.framework in Frameworks */,
			);
			runOnlyForDeploymentPostprocessing = 0;
		};
		9B7978E8252038EA000DF075 /* Frameworks */ = {
			isa = PBXFrameworksBuildPhase;
			buildActionMask = 2147483647;
			files = (
				E34E3A6E95F329E566F3CD1A /* Pods_StocksPriceTests.framework in Frameworks */,
			);
			runOnlyForDeploymentPostprocessing = 0;
		};
		9B7978F3252038EA000DF075 /* Frameworks */ = {
			isa = PBXFrameworksBuildPhase;
			buildActionMask = 2147483647;
			files = (
				39B537E26805B6353A9F661F /* Pods_StocksPrice_StocksPriceUITests.framework in Frameworks */,
			);
			runOnlyForDeploymentPostprocessing = 0;
		};
/* End PBXFrameworksBuildPhase section */

/* Begin PBXGroup section */
		6F32072C2AC6694D886346CD /* Frameworks */ = {
			isa = PBXGroup;
			children = (
				6CC44D495E6D88757D84E1DA /* Pods_StocksPrice.framework */,
				1E6A562D0BE94EF322563CB6 /* Pods_StocksPrice_StocksPriceUITests.framework */,
				F2C2A642CE4C768CA6F82AC4 /* Pods_StocksPriceTests.framework */,
			);
			name = Frameworks;
			sourceTree = "<group>";
		};
		9B0073672520414500FD7DF6 /* model */ = {
			isa = PBXGroup;
			children = (
				9B2BB17E25236F700022B3C5 /* SPError.swift */,
				9B2BB178252361FC0022B3C5 /* get-quotes.json */,
				9B0073712520462A00FD7DF6 /* StocksStyle.swift */,
				9B2BB17A252365450022B3C5 /* StockQuoteModel.swift */,
				9B2BB17C25236AA80022B3C5 /* SPAPIServices.swift */,
				9B2BB180252373690022B3C5 /* StocksDataManager.swift */,
				9B7DD7532523878900D0880E /* EnvironmentHandler.swift */,
				9B3FB5052524790B00EBE033 /* SPExtensions.swift */,
			);
			path = model;
			sourceTree = "<group>";
		};
		9B0073682520414500FD7DF6 /* viewmodel */ = {
			isa = PBXGroup;
			children = (
				9B2BB172252323430022B3C5 /* SPBaseViewModel.swift */,
				9B2BB174252323510022B3C5 /* SPViewModel.swift */,
			);
			path = viewmodel;
			sourceTree = "<group>";
		};
		9B0073692520414500FD7DF6 /* view */ = {
			isa = PBXGroup;
			children = (
				9B00736D2520416700FD7DF6 /* StocksPriceTableViewCell.swift */,
				9B00736E2520416700FD7DF6 /* StocksPriceTableViewCell.xib */,
				9B2BB176252338C30022B3C5 /* FormatSelectorTableHeaderView.swift */,
				9B3FB5072524B58D00EBE033 /* PaddingLabel.swift */,
			);
			path = view;
			sourceTree = "<group>";
		};
		9B00736A2520414500FD7DF6 /* controller */ = {
			isa = PBXGroup;
			children = (
				9B00736B2520414500FD7DF6 /* StocksPriceTableViewController.swift */,
			);
			path = controller;
			sourceTree = "<group>";
		};
		9B7978CC252038E8000DF075 = {
			isa = PBXGroup;
			children = (
				9B7978D7252038E8000DF075 /* StocksPrice */,
				9B7978EE252038EA000DF075 /* StocksPriceTests */,
				9B7978F9252038EA000DF075 /* StocksPriceUITests */,
				9B7978D6252038E8000DF075 /* Products */,
				C1E1A5D74C555BA47EAEA629 /* Pods */,
				6F32072C2AC6694D886346CD /* Frameworks */,
			);
			sourceTree = "<group>";
		};
		9B7978D6252038E8000DF075 /* Products */ = {
			isa = PBXGroup;
			children = (
				9B7978D5252038E8000DF075 /* StocksPrice.app */,
				9B7978EB252038EA000DF075 /* StocksPriceTests.xctest */,
				9B7978F6252038EA000DF075 /* StocksPriceUITests.xctest */,
			);
			name = Products;
			sourceTree = "<group>";
		};
		9B7978D7252038E8000DF075 /* StocksPrice */ = {
			isa = PBXGroup;
			children = (
				9B00736A2520414500FD7DF6 /* controller */,
				9B0073672520414500FD7DF6 /* model */,
				9B0073692520414500FD7DF6 /* view */,
				9B0073682520414500FD7DF6 /* viewmodel */,
				9B7978D8252038E8000DF075 /* AppDelegate.swift */,
				9B7978DA252038E8000DF075 /* SceneDelegate.swift */,
				9B7978DE252038E8000DF075 /* Main.storyboard */,
				9B7978E1252038EA000DF075 /* Assets.xcassets */,
				9B7978E3252038EA000DF075 /* LaunchScreen.storyboard */,
				9B7978E6252038EA000DF075 /* Info.plist */,
			);
			path = StocksPrice;
			sourceTree = "<group>";
		};
		9B7978EE252038EA000DF075 /* StocksPriceTests */ = {
			isa = PBXGroup;
			children = (
				9B007378254458D70089AB71 /* get-quotes-error.json */,
				9B7978EF252038EA000DF075 /* StocksPriceTests.swift */,
				9B7978F1252038EA000DF075 /* Info.plist */,
				9B007376254456800089AB71 /* StockPriceBaseTests.swift */,
			);
			path = StocksPriceTests;
			sourceTree = "<group>";
		};
		9B7978F9252038EA000DF075 /* StocksPriceUITests */ = {
			isa = PBXGroup;
			children = (
				9B7978FA252038EA000DF075 /* StocksPriceUITests.swift */,
				9B7978FC252038EA000DF075 /* Info.plist */,
				9B3FB5092524F69600EBE033 /* BaseUITestCase.swift */,
			);
			path = StocksPriceUITests;
			sourceTree = "<group>";
		};
		C1E1A5D74C555BA47EAEA629 /* Pods */ = {
			isa = PBXGroup;
			children = (
				215D622879FA3A1359C6C973 /* Pods-StocksPrice.debug.xcconfig */,
				8AD94F6B9860F0077657B711 /* Pods-StocksPrice.release.xcconfig */,
				33A327B7424FC717A46C2BBE /* Pods-StocksPrice-StocksPriceUITests.debug.xcconfig */,
				48E51CE5034F1E6E6F94C922 /* Pods-StocksPrice-StocksPriceUITests.release.xcconfig */,
				0A9F898B5AFF42D3B89BA146 /* Pods-StocksPriceTests.debug.xcconfig */,
				722C31D68A0F35E9DCBD0C57 /* Pods-StocksPriceTests.release.xcconfig */,
			);
			path = Pods;
			sourceTree = "<group>";
		};
/* End PBXGroup section */

/* Begin PBXNativeTarget section */
		9B7978D4252038E8000DF075 /* StocksPrice */ = {
			isa = PBXNativeTarget;
			buildConfigurationList = 9B7978FF252038EA000DF075 /* Build configuration list for PBXNativeTarget "StocksPrice" */;
			buildPhases = (
				D2783BA4353ECA416FB326D1 /* [CP] Check Pods Manifest.lock */,
				9B7978D1252038E8000DF075 /* Sources */,
				9B7978D2252038E8000DF075 /* Frameworks */,
				9B7978D3252038E8000DF075 /* Resources */,
				06DE41DB06A911F387355B41 /* [CP] Embed Pods Frameworks */,
				9BCA341B252BA275006878C8 /* Swift Lint */,
			);
			buildRules = (
			);
			dependencies = (
			);
			name = StocksPrice;
			productName = StocksPrice;
			productReference = 9B7978D5252038E8000DF075 /* StocksPrice.app */;
			productType = "com.apple.product-type.application";
		};
		9B7978EA252038EA000DF075 /* StocksPriceTests */ = {
			isa = PBXNativeTarget;
			buildConfigurationList = 9B797902252038EA000DF075 /* Build configuration list for PBXNativeTarget "StocksPriceTests" */;
			buildPhases = (
				B373578A8EAF1E69163617C4 /* [CP] Check Pods Manifest.lock */,
				9B7978E7252038EA000DF075 /* Sources */,
				9B7978E8252038EA000DF075 /* Frameworks */,
				9B7978E9252038EA000DF075 /* Resources */,
			);
			buildRules = (
			);
			dependencies = (
				9B7978ED252038EA000DF075 /* PBXTargetDependency */,
			);
			name = StocksPriceTests;
			productName = StocksPriceTests;
			productReference = 9B7978EB252038EA000DF075 /* StocksPriceTests.xctest */;
			productType = "com.apple.product-type.bundle.unit-test";
		};
		9B7978F5252038EA000DF075 /* StocksPriceUITests */ = {
			isa = PBXNativeTarget;
			buildConfigurationList = 9B797905252038EA000DF075 /* Build configuration list for PBXNativeTarget "StocksPriceUITests" */;
			buildPhases = (
				461EF040EEAEF4E3E7D55F3B /* [CP] Check Pods Manifest.lock */,
				9B7978F2252038EA000DF075 /* Sources */,
				9B7978F3252038EA000DF075 /* Frameworks */,
				9B7978F4252038EA000DF075 /* Resources */,
				EF4639CE3DFBE705EA52B859 /* [CP] Embed Pods Frameworks */,
			);
			buildRules = (
			);
			dependencies = (
				9B7978F8252038EA000DF075 /* PBXTargetDependency */,
			);
			name = StocksPriceUITests;
			productName = StocksPriceUITests;
			productReference = 9B7978F6252038EA000DF075 /* StocksPriceUITests.xctest */;
			productType = "com.apple.product-type.bundle.ui-testing";
		};
/* End PBXNativeTarget section */

/* Begin PBXProject section */
		9B7978CD252038E8000DF075 /* Project object */ = {
			isa = PBXProject;
			attributes = {
				LastSwiftUpdateCheck = 1170;
				LastUpgradeCheck = 1310;
				ORGANIZATIONNAME = "Sample Solutions";
				TargetAttributes = {
					9B7978D4252038E8000DF075 = {
						CreatedOnToolsVersion = 11.7;
					};
					9B7978EA252038EA000DF075 = {
						CreatedOnToolsVersion = 11.7;
						TestTargetID = 9B7978D4252038E8000DF075;
					};
					9B7978F5252038EA000DF075 = {
						CreatedOnToolsVersion = 11.7;
						TestTargetID = 9B7978D4252038E8000DF075;
					};
				};
			};
			buildConfigurationList = 9B7978D0252038E8000DF075 /* Build configuration list for PBXProject "StocksPrice" */;
			compatibilityVersion = "Xcode 9.3";
			developmentRegion = en;
			hasScannedForEncodings = 0;
			knownRegions = (
				en,
				Base,
			);
			mainGroup = 9B7978CC252038E8000DF075;
			productRefGroup = 9B7978D6252038E8000DF075 /* Products */;
			projectDirPath = "";
			projectRoot = "";
			targets = (
				9B7978D4252038E8000DF075 /* StocksPrice */,
				9B7978EA252038EA000DF075 /* StocksPriceTests */,
				9B7978F5252038EA000DF075 /* StocksPriceUITests */,
			);
		};
/* End PBXProject section */

/* Begin PBXResourcesBuildPhase section */
		9B7978D3252038E8000DF075 /* Resources */ = {
			isa = PBXResourcesBuildPhase;
			buildActionMask = 2147483647;
			files = (
				9B7978E5252038EA000DF075 /* LaunchScreen.storyboard in Resources */,
				9B2BB179252361FC0022B3C5 /* get-quotes.json in Resources */,
				9B7978E2252038EA000DF075 /* Assets.xcassets in Resources */,
				9B0073702520416700FD7DF6 /* StocksPriceTableViewCell.xib in Resources */,
				9B7978E0252038E8000DF075 /* Main.storyboard in Resources */,
			);
			runOnlyForDeploymentPostprocessing = 0;
		};
		9B7978E9252038EA000DF075 /* Resources */ = {
			isa = PBXResourcesBuildPhase;
			buildActionMask = 2147483647;
			files = (
				9B007379254458D70089AB71 /* get-quotes-error.json in Resources */,
			);
			runOnlyForDeploymentPostprocessing = 0;
		};
		9B7978F4252038EA000DF075 /* Resources */ = {
			isa = PBXResourcesBuildPhase;
			buildActionMask = 2147483647;
			files = (
			);
			runOnlyForDeploymentPostprocessing = 0;
		};
/* End PBXResourcesBuildPhase section */

/* Begin PBXShellScriptBuildPhase section */
		06DE41DB06A911F387355B41 /* [CP] Embed Pods Frameworks */ = {
			isa = PBXShellScriptBuildPhase;
			buildActionMask = 2147483647;
			files = (
			);
			inputFileListPaths = (
				"${PODS_ROOT}/Target Support Files/Pods-StocksPrice/Pods-StocksPrice-frameworks-${CONFIGURATION}-input-files.xcfilelist",
			);
			name = "[CP] Embed Pods Frameworks";
			outputFileListPaths = (
				"${PODS_ROOT}/Target Support Files/Pods-StocksPrice/Pods-StocksPrice-frameworks-${CONFIGURATION}-output-files.xcfilelist",
			);
			runOnlyForDeploymentPostprocessing = 0;
			shellPath = /bin/sh;
			shellScript = "\"${PODS_ROOT}/Target Support Files/Pods-StocksPrice/Pods-StocksPrice-frameworks.sh\"\n";
			showEnvVarsInLog = 0;
		};
		461EF040EEAEF4E3E7D55F3B /* [CP] Check Pods Manifest.lock */ = {
			isa = PBXShellScriptBuildPhase;
			buildActionMask = 2147483647;
			files = (
			);
			inputFileListPaths = (
			);
			inputPaths = (
				"${PODS_PODFILE_DIR_PATH}/Podfile.lock",
				"${PODS_ROOT}/Manifest.lock",
			);
			name = "[CP] Check Pods Manifest.lock";
			outputFileListPaths = (
			);
			outputPaths = (
				"$(DERIVED_FILE_DIR)/Pods-StocksPrice-StocksPriceUITests-checkManifestLockResult.txt",
			);
			runOnlyForDeploymentPostprocessing = 0;
			shellPath = /bin/sh;
			shellScript = "diff \"${PODS_PODFILE_DIR_PATH}/Podfile.lock\" \"${PODS_ROOT}/Manifest.lock\" > /dev/null\nif [ $? != 0 ] ; then\n    # print error to STDERR\n    echo \"error: The sandbox is not in sync with the Podfile.lock. Run 'pod install' or update your CocoaPods installation.\" >&2\n    exit 1\nfi\n# This output is used by Xcode 'outputs' to avoid re-running this script phase.\necho \"SUCCESS\" > \"${SCRIPT_OUTPUT_FILE_0}\"\n";
			showEnvVarsInLog = 0;
		};
		9BCA341B252BA275006878C8 /* Swift Lint */ = {
			isa = PBXShellScriptBuildPhase;
			buildActionMask = 2147483647;
			files = (
			);
			inputFileListPaths = (
			);
			inputPaths = (
			);
			name = "Swift Lint";
			outputFileListPaths = (
			);
			outputPaths = (
			);
			runOnlyForDeploymentPostprocessing = 0;
			shellPath = /bin/sh;
			shellScript = "# Type a script or drag a script file from your workspace to insert its path.\nif [ \"${CONFIGURATION}\" = \"Debug\" ]; then\n${PODS_ROOT}/SwiftLint/swiftlint\nelse \necho \"warning: SwiftLint not installed, download from https://github.com/realm/SwiftLint\"\nfi\n";
		};
		B373578A8EAF1E69163617C4 /* [CP] Check Pods Manifest.lock */ = {
			isa = PBXShellScriptBuildPhase;
			buildActionMask = 2147483647;
			files = (
			);
			inputFileListPaths = (
			);
			inputPaths = (
				"${PODS_PODFILE_DIR_PATH}/Podfile.lock",
				"${PODS_ROOT}/Manifest.lock",
			);
			name = "[CP] Check Pods Manifest.lock";
			outputFileListPaths = (
			);
			outputPaths = (
				"$(DERIVED_FILE_DIR)/Pods-StocksPriceTests-checkManifestLockResult.txt",
			);
			runOnlyForDeploymentPostprocessing = 0;
			shellPath = /bin/sh;
			shellScript = "diff \"${PODS_PODFILE_DIR_PATH}/Podfile.lock\" \"${PODS_ROOT}/Manifest.lock\" > /dev/null\nif [ $? != 0 ] ; then\n    # print error to STDERR\n    echo \"error: The sandbox is not in sync with the Podfile.lock. Run 'pod install' or update your CocoaPods installation.\" >&2\n    exit 1\nfi\n# This output is used by Xcode 'outputs' to avoid re-running this script phase.\necho \"SUCCESS\" > \"${SCRIPT_OUTPUT_FILE_0}\"\n";
			showEnvVarsInLog = 0;
		};
		D2783BA4353ECA416FB326D1 /* [CP] Check Pods Manifest.lock */ = {
			isa = PBXShellScriptBuildPhase;
			buildActionMask = 2147483647;
			files = (
			);
			inputFileListPaths = (
			);
			inputPaths = (
				"${PODS_PODFILE_DIR_PATH}/Podfile.lock",
				"${PODS_ROOT}/Manifest.lock",
			);
			name = "[CP] Check Pods Manifest.lock";
			outputFileListPaths = (
			);
			outputPaths = (
				"$(DERIVED_FILE_DIR)/Pods-StocksPrice-checkManifestLockResult.txt",
			);
			runOnlyForDeploymentPostprocessing = 0;
			shellPath = /bin/sh;
			shellScript = "diff \"${PODS_PODFILE_DIR_PATH}/Podfile.lock\" \"${PODS_ROOT}/Manifest.lock\" > /dev/null\nif [ $? != 0 ] ; then\n    # print error to STDERR\n    echo \"error: The sandbox is not in sync with the Podfile.lock. Run 'pod install' or update your CocoaPods installation.\" >&2\n    exit 1\nfi\n# This output is used by Xcode 'outputs' to avoid re-running this script phase.\necho \"SUCCESS\" > \"${SCRIPT_OUTPUT_FILE_0}\"\n";
			showEnvVarsInLog = 0;
		};
		EF4639CE3DFBE705EA52B859 /* [CP] Embed Pods Frameworks */ = {
			isa = PBXShellScriptBuildPhase;
			buildActionMask = 2147483647;
			files = (
			);
			inputFileListPaths = (
				"${PODS_ROOT}/Target Support Files/Pods-StocksPrice-StocksPriceUITests/Pods-StocksPrice-StocksPriceUITests-frameworks-${CONFIGURATION}-input-files.xcfilelist",
			);
			name = "[CP] Embed Pods Frameworks";
			outputFileListPaths = (
				"${PODS_ROOT}/Target Support Files/Pods-StocksPrice-StocksPriceUITests/Pods-StocksPrice-StocksPriceUITests-frameworks-${CONFIGURATION}-output-files.xcfilelist",
			);
			runOnlyForDeploymentPostprocessing = 0;
			shellPath = /bin/sh;
			shellScript = "\"${PODS_ROOT}/Target Support Files/Pods-StocksPrice-StocksPriceUITests/Pods-StocksPrice-StocksPriceUITests-frameworks.sh\"\n";
			showEnvVarsInLog = 0;
		};
/* End PBXShellScriptBuildPhase section */

/* Begin PBXSourcesBuildPhase section */
		9B7978D1252038E8000DF075 /* Sources */ = {
			isa = PBXSourcesBuildPhase;
			buildActionMask = 2147483647;
			files = (
				9B7978D9252038E8000DF075 /* AppDelegate.swift in Sources */,
				9B0073722520462A00FD7DF6 /* StocksStyle.swift in Sources */,
				9B2BB175252323510022B3C5 /* SPViewModel.swift in Sources */,
				9B2BB17B252365450022B3C5 /* StockQuoteModel.swift in Sources */,
				9B3FB5062524790B00EBE033 /* SPExtensions.swift in Sources */,
				9B7978DB252038E8000DF075 /* SceneDelegate.swift in Sources */,
				9B3FB5082524B58D00EBE033 /* PaddingLabel.swift in Sources */,
				9B2BB17F25236F700022B3C5 /* SPError.swift in Sources */,
				9B2BB181252373690022B3C5 /* StocksDataManager.swift in Sources */,
				9B2BB177252338C30022B3C5 /* FormatSelectorTableHeaderView.swift in Sources */,
				9B00736F2520416700FD7DF6 /* StocksPriceTableViewCell.swift in Sources */,
				9B2BB17D25236AA80022B3C5 /* SPAPIServices.swift in Sources */,
				9B2BB173252323430022B3C5 /* SPBaseViewModel.swift in Sources */,
				9B7DD7542523878900D0880E /* EnvironmentHandler.swift in Sources */,
				9B00736C2520414500FD7DF6 /* StocksPriceTableViewController.swift in Sources */,
			);
			runOnlyForDeploymentPostprocessing = 0;
		};
		9B7978E7252038EA000DF075 /* Sources */ = {
			isa = PBXSourcesBuildPhase;
			buildActionMask = 2147483647;
			files = (
				9B7978F0252038EA000DF075 /* StocksPriceTests.swift in Sources */,
				9B007377254456800089AB71 /* StockPriceBaseTests.swift in Sources */,
			);
			runOnlyForDeploymentPostprocessing = 0;
		};
		9B7978F2252038EA000DF075 /* Sources */ = {
			isa = PBXSourcesBuildPhase;
			buildActionMask = 2147483647;
			files = (
				9B3FB50A2524F69600EBE033 /* BaseUITestCase.swift in Sources */,
				9B7978FB252038EA000DF075 /* StocksPriceUITests.swift in Sources */,
			);
			runOnlyForDeploymentPostprocessing = 0;
		};
/* End PBXSourcesBuildPhase section */

/* Begin PBXTargetDependency section */
		9B7978ED252038EA000DF075 /* PBXTargetDependency */ = {
			isa = PBXTargetDependency;
			target = 9B7978D4252038E8000DF075 /* StocksPrice */;
			targetProxy = 9B7978EC252038EA000DF075 /* PBXContainerItemProxy */;
		};
		9B7978F8252038EA000DF075 /* PBXTargetDependency */ = {
			isa = PBXTargetDependency;
			target = 9B7978D4252038E8000DF075 /* StocksPrice */;
			targetProxy = 9B7978F7252038EA000DF075 /* PBXContainerItemProxy */;
		};
/* End PBXTargetDependency section */

/* Begin PBXVariantGroup section */
		9B7978DE252038E8000DF075 /* Main.storyboard */ = {
			isa = PBXVariantGroup;
			children = (
				9B7978DF252038E8000DF075 /* Base */,
			);
			name = Main.storyboard;
			sourceTree = "<group>";
		};
		9B7978E3252038EA000DF075 /* LaunchScreen.storyboard */ = {
			isa = PBXVariantGroup;
			children = (
				9B7978E4252038EA000DF075 /* Base */,
			);
			name = LaunchScreen.storyboard;
			sourceTree = "<group>";
		};
/* End PBXVariantGroup section */

/* Begin XCBuildConfiguration section */
		9B7978FD252038EA000DF075 /* Debug */ = {
			isa = XCBuildConfiguration;
			buildSettings = {
				ALWAYS_SEARCH_USER_PATHS = NO;
				CLANG_ANALYZER_NONNULL = YES;
				CLANG_ANALYZER_NUMBER_OBJECT_CONVERSION = YES_AGGRESSIVE;
				CLANG_CXX_LANGUAGE_STANDARD = "gnu++14";
				CLANG_CXX_LIBRARY = "libc++";
				CLANG_ENABLE_MODULES = YES;
				CLANG_ENABLE_OBJC_ARC = YES;
				CLANG_ENABLE_OBJC_WEAK = YES;
				CLANG_WARN_BLOCK_CAPTURE_AUTORELEASING = YES;
				CLANG_WARN_BOOL_CONVERSION = YES;
				CLANG_WARN_COMMA = YES;
				CLANG_WARN_CONSTANT_CONVERSION = YES;
				CLANG_WARN_DEPRECATED_OBJC_IMPLEMENTATIONS = YES;
				CLANG_WARN_DIRECT_OBJC_ISA_USAGE = YES_ERROR;
				CLANG_WARN_DOCUMENTATION_COMMENTS = YES;
				CLANG_WARN_EMPTY_BODY = YES;
				CLANG_WARN_ENUM_CONVERSION = YES;
				CLANG_WARN_INFINITE_RECURSION = YES;
				CLANG_WARN_INT_CONVERSION = YES;
				CLANG_WARN_NON_LITERAL_NULL_CONVERSION = YES;
				CLANG_WARN_OBJC_IMPLICIT_RETAIN_SELF = YES;
				CLANG_WARN_OBJC_LITERAL_CONVERSION = YES;
				CLANG_WARN_OBJC_ROOT_CLASS = YES_ERROR;
				CLANG_WARN_QUOTED_INCLUDE_IN_FRAMEWORK_HEADER = YES;
				CLANG_WARN_RANGE_LOOP_ANALYSIS = YES;
				CLANG_WARN_STRICT_PROTOTYPES = YES;
				CLANG_WARN_SUSPICIOUS_MOVE = YES;
				CLANG_WARN_UNGUARDED_AVAILABILITY = YES_AGGRESSIVE;
				CLANG_WARN_UNREACHABLE_CODE = YES;
				CLANG_WARN__DUPLICATE_METHOD_MATCH = YES;
				COPY_PHASE_STRIP = NO;
				DEBUG_INFORMATION_FORMAT = dwarf;
				ENABLE_STRICT_OBJC_MSGSEND = YES;
				ENABLE_TESTABILITY = YES;
				GCC_C_LANGUAGE_STANDARD = gnu11;
				GCC_DYNAMIC_NO_PIC = NO;
				GCC_NO_COMMON_BLOCKS = YES;
				GCC_OPTIMIZATION_LEVEL = 0;
				GCC_PREPROCESSOR_DEFINITIONS = (
					"DEBUG=1",
					"$(inherited)",
				);
				GCC_WARN_64_TO_32_BIT_CONVERSION = YES;
				GCC_WARN_ABOUT_RETURN_TYPE = YES_ERROR;
				GCC_WARN_UNDECLARED_SELECTOR = YES;
				GCC_WARN_UNINITIALIZED_AUTOS = YES_AGGRESSIVE;
				GCC_WARN_UNUSED_FUNCTION = YES;
				GCC_WARN_UNUSED_VARIABLE = YES;
				IPHONEOS_DEPLOYMENT_TARGET = 13.7;
				MTL_ENABLE_DEBUG_INFO = INCLUDE_SOURCE;
				MTL_FAST_MATH = YES;
				ONLY_ACTIVE_ARCH = YES;
				SDKROOT = iphoneos;
				SWIFT_ACTIVE_COMPILATION_CONDITIONS = DEBUG;
				SWIFT_OPTIMIZATION_LEVEL = "-Onone";
			};
			name = Debug;
		};
		9B7978FE252038EA000DF075 /* Release */ = {
			isa = XCBuildConfiguration;
			buildSettings = {
				ALWAYS_SEARCH_USER_PATHS = NO;
				CLANG_ANALYZER_NONNULL = YES;
				CLANG_ANALYZER_NUMBER_OBJECT_CONVERSION = YES_AGGRESSIVE;
				CLANG_CXX_LANGUAGE_STANDARD = "gnu++14";
				CLANG_CXX_LIBRARY = "libc++";
				CLANG_ENABLE_MODULES = YES;
				CLANG_ENABLE_OBJC_ARC = YES;
				CLANG_ENABLE_OBJC_WEAK = YES;
				CLANG_WARN_BLOCK_CAPTURE_AUTORELEASING = YES;
				CLANG_WARN_BOOL_CONVERSION = YES;
				CLANG_WARN_COMMA = YES;
				CLANG_WARN_CONSTANT_CONVERSION = YES;
				CLANG_WARN_DEPRECATED_OBJC_IMPLEMENTATIONS = YES;
				CLANG_WARN_DIRECT_OBJC_ISA_USAGE = YES_ERROR;
				CLANG_WARN_DOCUMENTATION_COMMENTS = YES;
				CLANG_WARN_EMPTY_BODY = YES;
				CLANG_WARN_ENUM_CONVERSION = YES;
				CLANG_WARN_INFINITE_RECURSION = YES;
				CLANG_WARN_INT_CONVERSION = YES;
				CLANG_WARN_NON_LITERAL_NULL_CONVERSION = YES;
				CLANG_WARN_OBJC_IMPLICIT_RETAIN_SELF = YES;
				CLANG_WARN_OBJC_LITERAL_CONVERSION = YES;
				CLANG_WARN_OBJC_ROOT_CLASS = YES_ERROR;
				CLANG_WARN_QUOTED_INCLUDE_IN_FRAMEWORK_HEADER = YES;
				CLANG_WARN_RANGE_LOOP_ANALYSIS = YES;
				CLANG_WARN_STRICT_PROTOTYPES = YES;
				CLANG_WARN_SUSPICIOUS_MOVE = YES;
				CLANG_WARN_UNGUARDED_AVAILABILITY = YES_AGGRESSIVE;
				CLANG_WARN_UNREACHABLE_CODE = YES;
				CLANG_WARN__DUPLICATE_METHOD_MATCH = YES;
				COPY_PHASE_STRIP = NO;
				DEBUG_INFORMATION_FORMAT = "dwarf-with-dsym";
				ENABLE_NS_ASSERTIONS = NO;
				ENABLE_STRICT_OBJC_MSGSEND = YES;
				GCC_C_LANGUAGE_STANDARD = gnu11;
				GCC_NO_COMMON_BLOCKS = YES;
				GCC_WARN_64_TO_32_BIT_CONVERSION = YES;
				GCC_WARN_ABOUT_RETURN_TYPE = YES_ERROR;
				GCC_WARN_UNDECLARED_SELECTOR = YES;
				GCC_WARN_UNINITIALIZED_AUTOS = YES_AGGRESSIVE;
				GCC_WARN_UNUSED_FUNCTION = YES;
				GCC_WARN_UNUSED_VARIABLE = YES;
				IPHONEOS_DEPLOYMENT_TARGET = 13.7;
				MTL_ENABLE_DEBUG_INFO = NO;
				MTL_FAST_MATH = YES;
				SDKROOT = iphoneos;
				SWIFT_COMPILATION_MODE = wholemodule;
				SWIFT_OPTIMIZATION_LEVEL = "-O";
				VALIDATE_PRODUCT = YES;
			};
			name = Release;
		};
		9B797900252038EA000DF075 /* Debug */ = {
			isa = XCBuildConfiguration;
			baseConfigurationReference = 215D622879FA3A1359C6C973 /* Pods-StocksPrice.debug.xcconfig */;
			buildSettings = {
				ASSETCATALOG_COMPILER_APPICON_NAME = AppIcon;
				CODE_SIGN_STYLE = Automatic;
				INFOPLIST_FILE = StocksPrice/Info.plist;
				IPHONEOS_DEPLOYMENT_TARGET = 13.0;
				LD_RUNPATH_SEARCH_PATHS = (
					"$(inherited)",
					"@executable_path/Frameworks",
				);
				PRODUCT_BUNDLE_IDENTIFIER = com.sampleprojects.test.StocksPrice;
				PRODUCT_NAME = "$(TARGET_NAME)";
				SWIFT_VERSION = 5.0;
				TARGETED_DEVICE_FAMILY = 1;
			};
			name = Debug;
		};
		9B797901252038EA000DF075 /* Release */ = {
			isa = XCBuildConfiguration;
			baseConfigurationReference = 8AD94F6B9860F0077657B711 /* Pods-StocksPrice.release.xcconfig */;
			buildSettings = {
				ASSETCATALOG_COMPILER_APPICON_NAME = AppIcon;
				CODE_SIGN_STYLE = Automatic;
				INFOPLIST_FILE = StocksPrice/Info.plist;
				IPHONEOS_DEPLOYMENT_TARGET = 13.0;
				LD_RUNPATH_SEARCH_PATHS = (
					"$(inherited)",
					"@executable_path/Frameworks",
				);
				PRODUCT_BUNDLE_IDENTIFIER = com.sampleprojects.test.StocksPrice;
				PRODUCT_NAME = "$(TARGET_NAME)";
				SWIFT_VERSION = 5.0;
				TARGETED_DEVICE_FAMILY = 1;
			};
			name = Release;
		};
		9B797903252038EA000DF075 /* Debug */ = {
			isa = XCBuildConfiguration;
			baseConfigurationReference = 0A9F898B5AFF42D3B89BA146 /* Pods-StocksPriceTests.debug.xcconfig */;
			buildSettings = {
				ALWAYS_EMBED_SWIFT_STANDARD_LIBRARIES = YES;
				BUNDLE_LOADER = "$(TEST_HOST)";
				CODE_SIGN_STYLE = Automatic;
				INFOPLIST_FILE = StocksPriceTests/Info.plist;
				IPHONEOS_DEPLOYMENT_TARGET = 13.7;
				LD_RUNPATH_SEARCH_PATHS = (
					"$(inherited)",
					"@executable_path/Frameworks",
					"@loader_path/Frameworks",
				);
				PRODUCT_BUNDLE_IDENTIFIER = com.sampleprojects.test.StocksPriceTests;
				PRODUCT_NAME = "$(TARGET_NAME)";
				SWIFT_VERSION = 5.0;
				TARGETED_DEVICE_FAMILY = "1,2";
				TEST_HOST = "$(BUILT_PRODUCTS_DIR)/StocksPrice.app/StocksPrice";
			};
			name = Debug;
		};
		9B797904252038EA000DF075 /* Release */ = {
			isa = XCBuildConfiguration;
			baseConfigurationReference = 722C31D68A0F35E9DCBD0C57 /* Pods-StocksPriceTests.release.xcconfig */;
			buildSettings = {
				ALWAYS_EMBED_SWIFT_STANDARD_LIBRARIES = YES;
				BUNDLE_LOADER = "$(TEST_HOST)";
				CODE_SIGN_STYLE = Automatic;
				INFOPLIST_FILE = StocksPriceTests/Info.plist;
				IPHONEOS_DEPLOYMENT_TARGET = 13.7;
				LD_RUNPATH_SEARCH_PATHS = (
					"$(inherited)",
					"@executable_path/Frameworks",
					"@loader_path/Frameworks",
				);
				PRODUCT_BUNDLE_IDENTIFIER = com.sampleprojects.test.StocksPriceTests;
				PRODUCT_NAME = "$(TARGET_NAME)";
				SWIFT_VERSION = 5.0;
				TARGETED_DEVICE_FAMILY = "1,2";
				TEST_HOST = "$(BUILT_PRODUCTS_DIR)/StocksPrice.app/StocksPrice";
			};
			name = Release;
		};
		9B797906252038EA000DF075 /* Debug */ = {
			isa = XCBuildConfiguration;
			baseConfigurationReference = 33A327B7424FC717A46C2BBE /* Pods-StocksPrice-StocksPriceUITests.debug.xcconfig */;
			buildSettings = {
				ALWAYS_EMBED_SWIFT_STANDARD_LIBRARIES = YES;
				CODE_SIGN_STYLE = Automatic;
				INFOPLIST_FILE = StocksPriceUITests/Info.plist;
				LD_RUNPATH_SEARCH_PATHS = (
					"$(inherited)",
					"@executable_path/Frameworks",
					"@loader_path/Frameworks",
				);
				PRODUCT_BUNDLE_IDENTIFIER = com.sampleprojects.test.StocksPriceUITests;
				PRODUCT_NAME = "$(TARGET_NAME)";
				SWIFT_VERSION = 5.0;
				TARGETED_DEVICE_FAMILY = "1,2";
				TEST_TARGET_NAME = StocksPrice;
			};
			name = Debug;
		};
		9B797907252038EA000DF075 /* Release */ = {
			isa = XCBuildConfiguration;
			baseConfigurationReference = 48E51CE5034F1E6E6F94C922 /* Pods-StocksPrice-StocksPriceUITests.release.xcconfig */;
			buildSettings = {
				ALWAYS_EMBED_SWIFT_STANDARD_LIBRARIES = YES;
				CODE_SIGN_STYLE = Automatic;
				INFOPLIST_FILE = StocksPriceUITests/Info.plist;
				LD_RUNPATH_SEARCH_PATHS = (
					"$(inherited)",
					"@executable_path/Frameworks",
					"@loader_path/Frameworks",
				);
				PRODUCT_BUNDLE_IDENTIFIER = com.sampleprojects.test.StocksPriceUITests;
				PRODUCT_NAME = "$(TARGET_NAME)";
				SWIFT_VERSION = 5.0;
				TARGETED_DEVICE_FAMILY = "1,2";
				TEST_TARGET_NAME = StocksPrice;
			};
			name = Release;
		};
/* End XCBuildConfiguration section */

/* Begin XCConfigurationList section */
		9B7978D0252038E8000DF075 /* Build configuration list for PBXProject "StocksPrice" */ = {
			isa = XCConfigurationList;
			buildConfigurations = (
				9B7978FD252038EA000DF075 /* Debug */,
				9B7978FE252038EA000DF075 /* Release */,
			);
			defaultConfigurationIsVisible = 0;
			defaultConfigurationName = Release;
		};
		9B7978FF252038EA000DF075 /* Build configuration list for PBXNativeTarget "StocksPrice" */ = {
			isa = XCConfigurationList;
			buildConfigurations = (
				9B797900252038EA000DF075 /* Debug */,
				9B797901252038EA000DF075 /* Release */,
			);
			defaultConfigurationIsVisible = 0;
			defaultConfigurationName = Release;
		};
		9B797902252038EA000DF075 /* Build configuration list for PBXNativeTarget "StocksPriceTests" */ = {
			isa = XCConfigurationList;
			buildConfigurations = (
				9B797903252038EA000DF075 /* Debug */,
				9B797904252038EA000DF075 /* Release */,
			);
			defaultConfigurationIsVisible = 0;
			defaultConfigurationName = Release;
		};
		9B797905252038EA000DF075 /* Build configuration list for PBXNativeTarget "StocksPriceUITests" */ = {
			isa = XCConfigurationList;
			buildConfigurations = (
				9B797906252038EA000DF075 /* Debug */,
				9B797907252038EA000DF075 /* Release */,
			);
			defaultConfigurationIsVisible = 0;
			defaultConfigurationName = Release;
		};
/* End XCConfigurationList section */
	};
	rootObject = 9B7978CD252038E8000DF075 /* Project object */;
}
